// !$*UTF8*$!
{
	archiveVersion = 1;
	classes = {
	};
	objectVersion = 77;
	objects = {

/* Begin PBXBuildFile section */
		719853E22D8DF7A600E36A88 /* AppDelegate.swift in Sources */ = {isa = PBXBuildFile; fileRef = 719853E12D8DF7A600E36A88 /* AppDelegate.swift */; };
		719853E42D8DF7C500E36A88 /* ArticleDetailView.swift in Sources */ = {isa = PBXBuildFile; fileRef = 719853E32D8DF7C500E36A88 /* ArticleDetailView.swift */; };
		719853E62D8DF7D700E36A88 /* ArticleStorage.swift in Sources */ = {isa = PBXBuildFile; fileRef = 719853E52D8DF7D700E36A88 /* ArticleStorage.swift */; };
		719853E82D8DF7EA00E36A88 /* CleanTextField.swift in Sources */ = {isa = PBXBuildFile; fileRef = 719853E72D8DF7EA00E36A88 /* CleanTextField.swift */; };
		719853EA2D8DF80100E36A88 /* ContentView.swift in Sources */ = {isa = PBXBuildFile; fileRef = 719853E92D8DF80100E36A88 /* ContentView.swift */; };
		719853EE2D8DF91200E36A88 /* My_PubMed_Research_AssistantApp.swift in Sources */ = {isa = PBXBuildFile; fileRef = 719853ED2D8DF8D200E36A88 /* My_PubMed_Research_AssistantApp.swift */; };
		719853F02D8DF93600E36A88 /* PubMedArticle.swift in Sources */ = {isa = PBXBuildFile; fileRef = 719853EF2D8DF93600E36A88 /* PubMedArticle.swift */; };
		719853F22D8DF94700E36A88 /* PubMedArticleDetails.swift in Sources */ = {isa = PBXBuildFile; fileRef = 719853F12D8DF94700E36A88 /* PubMedArticleDetails.swift */; };
		719853F42D8DF95F00E36A88 /* PubMedSearchResult.swift in Sources */ = {isa = PBXBuildFile; fileRef = 719853F32D8DF95F00E36A88 /* PubMedSearchResult.swift */; };
		719853F62D8E00D000E36A88 /* PubMedService.swift in Sources */ = {isa = PBXBuildFile; fileRef = 719853F52D8E00D000E36A88 /* PubMedService.swift */; };
		719853F82D8E00DE00E36A88 /* SearchBar.swift in Sources */ = {isa = PBXBuildFile; fileRef = 719853F72D8E00DE00E36A88 /* SearchBar.swift */; };
		719853FA2D8E00F500E36A88 /* SearchView.swift in Sources */ = {isa = PBXBuildFile; fileRef = 719853F92D8E00F500E36A88 /* SearchView.swift */; };
		719853FC2D8E012200E36A88 /* StoredArticle.swift in Sources */ = {isa = PBXBuildFile; fileRef = 719853FB2D8E012200E36A88 /* StoredArticle.swift */; };
/* End PBXBuildFile section */

/* Begin PBXFileReference section */
		719853CB2D8DF6B600E36A88 /* My PubMed Research Assistant.app */ = {isa = PBXFileReference; explicitFileType = wrapper.application; includeInIndex = 0; path = "My PubMed Research Assistant.app"; sourceTree = BUILT_PRODUCTS_DIR; };
		719853E12D8DF7A600E36A88 /* AppDelegate.swift */ = {isa = PBXFileReference; lastKnownFileType = sourcecode.swift; path = AppDelegate.swift; sourceTree = "<group>"; };
		719853E32D8DF7C500E36A88 /* ArticleDetailView.swift */ = {isa = PBXFileReference; lastKnownFileType = sourcecode.swift; path = ArticleDetailView.swift; sourceTree = "<group>"; };
		719853E52D8DF7D700E36A88 /* ArticleStorage.swift */ = {isa = PBXFileReference; lastKnownFileType = sourcecode.swift; path = ArticleStorage.swift; sourceTree = "<group>"; };
		719853E72D8DF7EA00E36A88 /* CleanTextField.swift */ = {isa = PBXFileReference; lastKnownFileType = sourcecode.swift; path = CleanTextField.swift; sourceTree = "<group>"; };
		719853E92D8DF80100E36A88 /* ContentView.swift */ = {isa = PBXFileReference; lastKnownFileType = sourcecode.swift; path = ContentView.swift; sourceTree = "<group>"; };
		719853ED2D8DF8D200E36A88 /* My_PubMed_Research_AssistantApp.swift */ = {isa = PBXFileReference; lastKnownFileType = sourcecode.swift; path = My_PubMed_Research_AssistantApp.swift; sourceTree = "<group>"; };
		719853EF2D8DF93600E36A88 /* PubMedArticle.swift */ = {isa = PBXFileReference; lastKnownFileType = sourcecode.swift; path = PubMedArticle.swift; sourceTree = "<group>"; };
		719853F12D8DF94700E36A88 /* PubMedArticleDetails.swift */ = {isa = PBXFileReference; lastKnownFileType = sourcecode.swift; path = PubMedArticleDetails.swift; sourceTree = "<group>"; };
		719853F32D8DF95F00E36A88 /* PubMedSearchResult.swift */ = {isa = PBXFileReference; lastKnownFileType = sourcecode.swift; path = PubMedSearchResult.swift; sourceTree = "<group>"; };
		719853F52D8E00D000E36A88 /* PubMedService.swift */ = {isa = PBXFileReference; lastKnownFileType = sourcecode.swift; path = PubMedService.swift; sourceTree = "<group>"; };
		719853F72D8E00DE00E36A88 /* SearchBar.swift */ = {isa = PBXFileReference; lastKnownFileType = sourcecode.swift; path = SearchBar.swift; sourceTree = "<group>"; };
		719853F92D8E00F500E36A88 /* SearchView.swift */ = {isa = PBXFileReference; lastKnownFileType = sourcecode.swift; path = SearchView.swift; sourceTree = "<group>"; };
		719853FB2D8E012200E36A88 /* StoredArticle.swift */ = {isa = PBXFileReference; lastKnownFileType = sourcecode.swift; path = StoredArticle.swift; sourceTree = "<group>"; };
/* End PBXFileReference section */

/* Begin PBXFileSystemSynchronizedRootGroup section */
		719853CD2D8DF6B600E36A88 /* My PubMed Research Assistant */ = {
			isa = PBXFileSystemSynchronizedRootGroup;
			path = "My PubMed Research Assistant";
			sourceTree = "<group>";
		};
/* End PBXFileSystemSynchronizedRootGroup section */

/* Begin PBXFrameworksBuildPhase section */
		719853C82D8DF6B600E36A88 /* Frameworks */ = {
			isa = PBXFrameworksBuildPhase;
			buildActionMask = 2147483647;
			files = (
			);
			runOnlyForDeploymentPostprocessing = 0;
		};
/* End PBXFrameworksBuildPhase section */

/* Begin PBXGroup section */
		719853C22D8DF6B600E36A88 = {
			isa = PBXGroup;
			children = (
				719853E12D8DF7A600E36A88 /* AppDelegate.swift */,
				719853E32D8DF7C500E36A88 /* ArticleDetailView.swift */,
				719853E52D8DF7D700E36A88 /* ArticleStorage.swift */,
				719853E72D8DF7EA00E36A88 /* CleanTextField.swift */,
				719853E92D8DF80100E36A88 /* ContentView.swift */,
				719853ED2D8DF8D200E36A88 /* My_PubMed_Research_AssistantApp.swift */,
				719853EF2D8DF93600E36A88 /* PubMedArticle.swift */,
				719853F12D8DF94700E36A88 /* PubMedArticleDetails.swift */,
				719853F32D8DF95F00E36A88 /* PubMedSearchResult.swift */,
				719853F52D8E00D000E36A88 /* PubMedService.swift */,
				719853F72D8E00DE00E36A88 /* SearchBar.swift */,
				719853F92D8E00F500E36A88 /* SearchView.swift */,
				719853FB2D8E012200E36A88 /* StoredArticle.swift */,
				719853CD2D8DF6B600E36A88 /* My PubMed Research Assistant */,
				719853CC2D8DF6B600E36A88 /* Products */,
			);
			sourceTree = "<group>";
		};
		719853CC2D8DF6B600E36A88 /* Products */ = {
			isa = PBXGroup;
			children = (
				719853CB2D8DF6B600E36A88 /* My PubMed Research Assistant.app */,
			);
			name = Products;
			sourceTree = "<group>";
		};
/* End PBXGroup section */

/* Begin PBXNativeTarget section */
		719853CA2D8DF6B600E36A88 /* My PubMed Research Assistant */ = {
			isa = PBXNativeTarget;
			buildConfigurationList = 719853DE2D8DF6B800E36A88 /* Build configuration list for PBXNativeTarget "My PubMed Research Assistant" */;
			buildPhases = (
				719853C72D8DF6B600E36A88 /* Sources */,
				719853C82D8DF6B600E36A88 /* Frameworks */,
				719853C92D8DF6B600E36A88 /* Resources */,
			);
			buildRules = (
			);
			dependencies = (
			);
			fileSystemSynchronizedGroups = (
				719853CD2D8DF6B600E36A88 /* My PubMed Research Assistant */,
			);
			name = "My PubMed Research Assistant";
			packageProductDependencies = (
			);
			productName = "My PubMed Research Assistant";
			productReference = 719853CB2D8DF6B600E36A88 /* My PubMed Research Assistant.app */;
			productType = "com.apple.product-type.application";
		};
/* End PBXNativeTarget section */

/* Begin PBXProject section */
		719853C32D8DF6B600E36A88 /* Project object */ = {
			isa = PBXProject;
			attributes = {
				BuildIndependentTargetsInParallel = 1;
				LastSwiftUpdateCheck = 1620;
				LastUpgradeCheck = 1620;
				TargetAttributes = {
					719853CA2D8DF6B600E36A88 = {
						CreatedOnToolsVersion = 16.2;
					};
				};
			};
			buildConfigurationList = 719853C62D8DF6B600E36A88 /* Build configuration list for PBXProject "My PubMed Research Assistant" */;
			developmentRegion = en;
			hasScannedForEncodings = 0;
			knownRegions = (
				en,
				Base,
			);
			mainGroup = 719853C22D8DF6B600E36A88;
			minimizedProjectReferenceProxies = 1;
			preferredProjectObjectVersion = 77;
			productRefGroup = 719853CC2D8DF6B600E36A88 /* Products */;
			projectDirPath = "";
			projectRoot = "";
			targets = (
				719853CA2D8DF6B600E36A88 /* My PubMed Research Assistant */,
			);
		};
/* End PBXProject section */

/* Begin PBXResourcesBuildPhase section */
		719853C92D8DF6B600E36A88 /* Resources */ = {
			isa = PBXResourcesBuildPhase;
			buildActionMask = 2147483647;
			files = (
			);
			runOnlyForDeploymentPostprocessing = 0;
		};
/* End PBXResourcesBuildPhase section */

/* Begin PBXSourcesBuildPhase section */
		719853C72D8DF6B600E36A88 /* Sources */ = {
			isa = PBXSourcesBuildPhase;
			buildActionMask = 2147483647;
			files = (
				719853F22D8DF94700E36A88 /* PubMedArticleDetails.swift in Sources */,
				719853F42D8DF95F00E36A88 /* PubMedSearchResult.swift in Sources */,
				719853EE2D8DF91200E36A88 /* My_PubMed_Research_AssistantApp.swift in Sources */,
				719853FC2D8E012200E36A88 /* StoredArticle.swift in Sources */,
				719853E62D8DF7D700E36A88 /* ArticleStorage.swift in Sources */,
				719853E22D8DF7A600E36A88 /* AppDelegate.swift in Sources */,
				719853EA2D8DF80100E36A88 /* ContentView.swift in Sources */,
				719853F82D8E00DE00E36A88 /* SearchBar.swift in Sources */,
				719853F02D8DF93600E36A88 /* PubMedArticle.swift in Sources */,
				719853FA2D8E00F500E36A88 /* SearchView.swift in Sources */,
				719853E42D8DF7C500E36A88 /* ArticleDetailView.swift in Sources */,
				719853F62D8E00D000E36A88 /* PubMedService.swift in Sources */,
				719853E82D8DF7EA00E36A88 /* CleanTextField.swift in Sources */,
			);
			runOnlyForDeploymentPostprocessing = 0;
		};
/* End PBXSourcesBuildPhase section */

/* Begin XCBuildConfiguration section */
		719853DC2D8DF6B800E36A88 /* Debug */ = {
			isa = XCBuildConfiguration;
			buildSettings = {
				ALWAYS_SEARCH_USER_PATHS = NO;
				ASSETCATALOG_COMPILER_GENERATE_SWIFT_ASSET_SYMBOL_EXTENSIONS = YES;
				CLANG_ANALYZER_NONNULL = YES;
				CLANG_ANALYZER_NUMBER_OBJECT_CONVERSION = YES_AGGRESSIVE;
				CLANG_CXX_LANGUAGE_STANDARD = "gnu++20";
				CLANG_ENABLE_MODULES = YES;
				CLANG_ENABLE_OBJC_ARC = YES;
				CLANG_ENABLE_OBJC_WEAK = YES;
				CLANG_WARN_BLOCK_CAPTURE_AUTORELEASING = YES;
				CLANG_WARN_BOOL_CONVERSION = YES;
				CLANG_WARN_COMMA = YES;
				CLANG_WARN_CONSTANT_CONVERSION = YES;
				CLANG_WARN_DEPRECATED_OBJC_IMPLEMENTATIONS = YES;
				CLANG_WARN_DIRECT_OBJC_ISA_USAGE = YES_ERROR;
				CLANG_WARN_DOCUMENTATION_COMMENTS = YES;
				CLANG_WARN_EMPTY_BODY = YES;
				CLANG_WARN_ENUM_CONVERSION = YES;
				CLANG_WARN_INFINITE_RECURSION = YES;
				CLANG_WARN_INT_CONVERSION = YES;
				CLANG_WARN_NON_LITERAL_NULL_CONVERSION = YES;
				CLANG_WARN_OBJC_IMPLICIT_RETAIN_SELF = YES;
				CLANG_WARN_OBJC_LITERAL_CONVERSION = YES;
				CLANG_WARN_OBJC_ROOT_CLASS = YES_ERROR;
				CLANG_WARN_QUOTED_INCLUDE_IN_FRAMEWORK_HEADER = YES;
				CLANG_WARN_RANGE_LOOP_ANALYSIS = YES;
				CLANG_WARN_STRICT_PROTOTYPES = YES;
				CLANG_WARN_SUSPICIOUS_MOVE = YES;
				CLANG_WARN_UNGUARDED_AVAILABILITY = YES_AGGRESSIVE;
				CLANG_WARN_UNREACHABLE_CODE = YES;
				CLANG_WARN__DUPLICATE_METHOD_MATCH = YES;
				COPY_PHASE_STRIP = NO;
				DEBUG_INFORMATION_FORMAT = dwarf;
				ENABLE_STRICT_OBJC_MSGSEND = YES;
				ENABLE_TESTABILITY = YES;
				ENABLE_USER_SCRIPT_SANDBOXING = YES;
				GCC_C_LANGUAGE_STANDARD = gnu17;
				GCC_DYNAMIC_NO_PIC = NO;
				GCC_NO_COMMON_BLOCKS = YES;
				GCC_OPTIMIZATION_LEVEL = 0;
				GCC_PREPROCESSOR_DEFINITIONS = (
					"DEBUG=1",
					"$(inherited)",
				);
				GCC_WARN_64_TO_32_BIT_CONVERSION = YES;
				GCC_WARN_ABOUT_RETURN_TYPE = YES_ERROR;
				GCC_WARN_UNDECLARED_SELECTOR = YES;
				GCC_WARN_UNINITIALIZED_AUTOS = YES_AGGRESSIVE;
				GCC_WARN_UNUSED_FUNCTION = YES;
				GCC_WARN_UNUSED_VARIABLE = YES;
				IPHONEOS_DEPLOYMENT_TARGET = 18.2;
				LOCALIZATION_PREFERS_STRING_CATALOGS = YES;
				MTL_ENABLE_DEBUG_INFO = INCLUDE_SOURCE;
				MTL_FAST_MATH = YES;
				ONLY_ACTIVE_ARCH = YES;
				SDKROOT = iphoneos;
				SWIFT_ACTIVE_COMPILATION_CONDITIONS = "DEBUG $(inherited)";
				SWIFT_OPTIMIZATION_LEVEL = "-Onone";
			};
			name = Debug;
		};
		719853DD2D8DF6B800E36A88 /* Release */ = {
			isa = XCBuildConfiguration;
			buildSettings = {
				ALWAYS_SEARCH_USER_PATHS = NO;
				ASSETCATALOG_COMPILER_GENERATE_SWIFT_ASSET_SYMBOL_EXTENSIONS = YES;
				CLANG_ANALYZER_NONNULL = YES;
				CLANG_ANALYZER_NUMBER_OBJECT_CONVERSION = YES_AGGRESSIVE;
				CLANG_CXX_LANGUAGE_STANDARD = "gnu++20";
				CLANG_ENABLE_MODULES = YES;
				CLANG_ENABLE_OBJC_ARC = YES;
				CLANG_ENABLE_OBJC_WEAK = YES;
				CLANG_WARN_BLOCK_CAPTURE_AUTORELEASING = YES;
				CLANG_WARN_BOOL_CONVERSION = YES;
				CLANG_WARN_COMMA = YES;
				CLANG_WARN_CONSTANT_CONVERSION = YES;
				CLANG_WARN_DEPRECATED_OBJC_IMPLEMENTATIONS = YES;
				CLANG_WARN_DIRECT_OBJC_ISA_USAGE = YES_ERROR;
				CLANG_WARN_DOCUMENTATION_COMMENTS = YES;
				CLANG_WARN_EMPTY_BODY = YES;
				CLANG_WARN_ENUM_CONVERSION = YES;
				CLANG_WARN_INFINITE_RECURSION = YES;
				CLANG_WARN_INT_CONVERSION = YES;
				CLANG_WARN_NON_LITERAL_NULL_CONVERSION = YES;
				CLANG_WARN_OBJC_IMPLICIT_RETAIN_SELF = YES;
				CLANG_WARN_OBJC_LITERAL_CONVERSION = YES;
				CLANG_WARN_OBJC_ROOT_CLASS = YES_ERROR;
				CLANG_WARN_QUOTED_INCLUDE_IN_FRAMEWORK_HEADER = YES;
				CLANG_WARN_RANGE_LOOP_ANALYSIS = YES;
				CLANG_WARN_STRICT_PROTOTYPES = YES;
				CLANG_WARN_SUSPICIOUS_MOVE = YES;
				CLANG_WARN_UNGUARDED_AVAILABILITY = YES_AGGRESSIVE;
				CLANG_WARN_UNREACHABLE_CODE = YES;
				CLANG_WARN__DUPLICATE_METHOD_MATCH = YES;
				COPY_PHASE_STRIP = NO;
				DEBUG_INFORMATION_FORMAT = "dwarf-with-dsym";
				ENABLE_NS_ASSERTIONS = NO;
				ENABLE_STRICT_OBJC_MSGSEND = YES;
				ENABLE_USER_SCRIPT_SANDBOXING = YES;
				GCC_C_LANGUAGE_STANDARD = gnu17;
				GCC_NO_COMMON_BLOCKS = YES;
				GCC_WARN_64_TO_32_BIT_CONVERSION = YES;
				GCC_WARN_ABOUT_RETURN_TYPE = YES_ERROR;
				GCC_WARN_UNDECLARED_SELECTOR = YES;
				GCC_WARN_UNINITIALIZED_AUTOS = YES_AGGRESSIVE;
				GCC_WARN_UNUSED_FUNCTION = YES;
				GCC_WARN_UNUSED_VARIABLE = YES;
				IPHONEOS_DEPLOYMENT_TARGET = 18.2;
				LOCALIZATION_PREFERS_STRING_CATALOGS = YES;
				MTL_ENABLE_DEBUG_INFO = NO;
				MTL_FAST_MATH = YES;
				SDKROOT = iphoneos;
				SWIFT_COMPILATION_MODE = wholemodule;
				VALIDATE_PRODUCT = YES;
			};
			name = Release;
		};
		719853DF2D8DF6B800E36A88 /* Debug */ = {
			isa = XCBuildConfiguration;
			buildSettings = {
				ASSETCATALOG_COMPILER_APPICON_NAME = AppIcon;
				ASSETCATALOG_COMPILER_GLOBAL_ACCENT_COLOR_NAME = AccentColor;
				CODE_SIGN_STYLE = Automatic;
				CURRENT_PROJECT_VERSION = 1;
				DEVELOPMENT_ASSET_PATHS = "\"My PubMed Research Assistant/Preview Content\"";
				DEVELOPMENT_TEAM = SBRT38UD7A;
				ENABLE_PREVIEWS = YES;
				GENERATE_INFOPLIST_FILE = YES;
				INFOPLIST_KEY_UIApplicationSceneManifest_Generation = YES;
				INFOPLIST_KEY_UIApplicationSupportsIndirectInputEvents = YES;
				INFOPLIST_KEY_UILaunchScreen_Generation = YES;
				INFOPLIST_KEY_UISupportedInterfaceOrientations_iPad = "UIInterfaceOrientationPortrait UIInterfaceOrientationPortraitUpsideDown UIInterfaceOrientationLandscapeLeft UIInterfaceOrientationLandscapeRight";
				INFOPLIST_KEY_UISupportedInterfaceOrientations_iPhone = "UIInterfaceOrientationPortrait UIInterfaceOrientationLandscapeLeft UIInterfaceOrientationLandscapeRight";
				LD_RUNPATH_SEARCH_PATHS = (
					"$(inherited)",
					"@executable_path/Frameworks",
				);
				MARKETING_VERSION = 1.0;
				PRODUCT_BUNDLE_IDENTIFIER = "com.clean-kitty.PubMed.My-PubMed-Research-Assistant";
				PRODUCT_NAME = "$(TARGET_NAME)";
				SWIFT_EMIT_LOC_STRINGS = YES;
				SWIFT_VERSION = 5.0;
				TARGETED_DEVICE_FAMILY = "1,2";
			};
			name = Debug;
		};
		719853E02D8DF6B800E36A88 /* Release */ = {
			isa = XCBuildConfiguration;
			buildSettings = {
				ASSETCATALOG_COMPILER_APPICON_NAME = AppIcon;
				ASSETCATALOG_COMPILER_GLOBAL_ACCENT_COLOR_NAME = AccentColor;
				CODE_SIGN_STYLE = Automatic;
				CURRENT_PROJECT_VERSION = 1;
				DEVELOPMENT_ASSET_PATHS = "\"My PubMed Research Assistant/Preview Content\"";
				DEVELOPMENT_TEAM = SBRT38UD7A;
				ENABLE_PREVIEWS = YES;
				GENERATE_INFOPLIST_FILE = YES;
				INFOPLIST_KEY_UIApplicationSceneManifest_Generation = YES;
				INFOPLIST_KEY_UIApplicationSupportsIndirectInputEvents = YES;
				INFOPLIST_KEY_UILaunchScreen_Generation = YES;
				INFOPLIST_KEY_UISupportedInterfaceOrientations_iPad = "UIInterfaceOrientationPortrait UIInterfaceOrientationPortraitUpsideDown UIInterfaceOrientationLandscapeLeft UIInterfaceOrientationLandscapeRight";
				INFOPLIST_KEY_UISupportedInterfaceOrientations_iPhone = "UIInterfaceOrientationPortrait UIInterfaceOrientationLandscapeLeft UIInterfaceOrientationLandscapeRight";
				LD_RUNPATH_SEARCH_PATHS = (
					"$(inherited)",
					"@executable_path/Frameworks",
				);
				MARKETING_VERSION = 1.0;
				PRODUCT_BUNDLE_IDENTIFIER = "com.clean-kitty.PubMed.My-PubMed-Research-Assistant";
				PRODUCT_NAME = "$(TARGET_NAME)";
				SWIFT_EMIT_LOC_STRINGS = YES;
				SWIFT_VERSION = 5.0;
				TARGETED_DEVICE_FAMILY = "1,2";
			};
			name = Release;
		};
/* End XCBuildConfiguration section */

/* Begin XCConfigurationList section */
		719853C62D8DF6B600E36A88 /* Build configuration list for PBXProject "My PubMed Research Assistant" */ = {
			isa = XCConfigurationList;
			buildConfigurations = (
				719853DC2D8DF6B800E36A88 /* Debug */,
				719853DD2D8DF6B800E36A88 /* Release */,
			);
			defaultConfigurationIsVisible = 0;
			defaultConfigurationName = Release;
		};
		719853DE2D8DF6B800E36A88 /* Build configuration list for PBXNativeTarget "My PubMed Research Assistant" */ = {
			isa = XCConfigurationList;
			buildConfigurations = (
				719853DF2D8DF6B800E36A88 /* Debug */,
				719853E02D8DF6B800E36A88 /* Release */,
			);
			defaultConfigurationIsVisible = 0;
			defaultConfigurationName = Release;
		};
/* End XCConfigurationList section */
	};
	rootObject = 719853C32D8DF6B600E36A88 /* Project object */;
}
